# This file is automatically @generated by Cargo.
# It is not intended for manual editing.
version = 4

[[package]]
name = "rsyalgo"
version = "0.1.0"

[[package]]
name = "rsycache"
version = "0.1.0"

[[package]]
name = "rsyfs"
version = "0.1.0"

[[package]]
name = "rsymacro"
version = "0.1.0"

[[package]]
name = "rsymem"
version = "0.1.0"

[[package]]
name = "rsysync"
version = "0.1.0"
